{
  "version": 4,
  "terraform_version": "1.6.3",
  "serial": 233,
  "lineage": "4de3995c-ddde-b336-35ef-0f9f8364f06b",
  "outputs": {
    "external_ip_address_test-vm": {
      "value": "158.160.78.207",
      "type": "string"
    },
    "internal_ip_address_test-vm": {
      "value": "192.168.10.12",
      "type": "string"
    }
  },
  "resources": [
    {
      "mode": "managed",
      "type": "null_resource",
      "name": "ansible_provision",
      "provider": "provider[\"registry.terraform.io/hashicorp/null\"]",
      "instances": [
        {
          "schema_version": 0,
          "attributes": {
            "id": "3236736514454096836",
            "triggers": null
          },
          "sensitive_attributes": [],
          "dependencies": [
            "yandex_compute_instance.test-vm",
            "yandex_vpc_network.network-1",
            "yandex_vpc_subnet.subnet-1"
          ]
        }
      ]
    },
    {
      "mode": "managed",
      "type": "yandex_compute_instance",
      "name": "test-vm",
      "provider": "provider[\"registry.terraform.io/yandex-cloud/yandex\"]",
      "instances": [
        {
          "schema_version": 1,
          "attributes": {
            "allow_recreate": null,
            "allow_stopping_for_update": null,
            "boot_disk": [
              {
                "auto_delete": true,
                "device_name": "epdfmsav432fqis6gfs1",
                "disk_id": "epdfmsav432fqis6gfs1",
                "initialize_params": [
                  {
                    "block_size": 4096,
                    "description": "",
                    "image_id": "fd8m3j9ott9u69hks0gg",
                    "name": "",
                    "size": 8,
                    "snapshot_id": "",
                    "type": "network-hdd"
                  }
                ],
                "mode": "READ_WRITE"
              }
            ],
            "created_at": "2023-11-17T06:28:07Z",
            "description": "",
            "filesystem": [],
            "folder_id": "b1g0g1p461nq3tta7aa0",
            "fqdn": "epd6snlo2sioolhbc340.auto.internal",
            "gpu_cluster_id": "",
            "hostname": "",
            "id": "epd6snlo2sioolhbc340",
            "labels": null,
            "local_disk": [],
            "metadata": {
              "ssh-keys": "ubuntu:ssh-ed25519 AAAAC3NzaC1lZDI1NTE5AAAAIJhxfeBzWQ3+2z7cEXPrKK5aS3MgqqKYP1rd1rW0OgUT Sharenot@inbox.ru\n"
            },
            "metadata_options": [
              {
                "aws_v1_http_endpoint": 1,
                "aws_v1_http_token": 2,
                "gce_http_endpoint": 1,
                "gce_http_token": 1
              }
            ],
            "name": "test-vm",
            "network_acceleration_type": "standard",
            "network_interface": [
              {
                "dns_record": [],
                "index": 0,
                "ip_address": "192.168.10.12",
                "ipv4": true,
                "ipv6": false,
                "ipv6_address": "",
                "ipv6_dns_record": [],
                "mac_address": "d0:0d:6e:5e:b8:17",
                "nat": true,
                "nat_dns_record": [],
                "nat_ip_address": "158.160.78.207",
                "nat_ip_version": "IPV4",
                "security_group_ids": [],
                "subnet_id": "e2lr5t6ljnra6n647ups"
              }
            ],
            "placement_policy": [
              {
                "host_affinity_rules": [],
                "placement_group_id": ""
              }
            ],
            "platform_id": "standard-v1",
            "resources": [
              {
                "core_fraction": 100,
                "cores": 2,
                "gpus": 0,
                "memory": 2
              }
            ],
            "scheduling_policy": [
              {
                "preemptible": false
              }
            ],
            "secondary_disk": [],
            "service_account_id": "",
            "status": "running",
            "timeouts": null,
            "zone": "ru-central1-b"
          },
          "sensitive_attributes": [],
          "private": "eyJlMmJmYjczMC1lY2FhLTExZTYtOGY4OC0zNDM2M2JjN2M0YzAiOnsiY3JlYXRlIjozMDAwMDAwMDAwMDAsImRlbGV0ZSI6MzAwMDAwMDAwMDAwLCJ1cGRhdGUiOjMwMDAwMDAwMDAwMH0sInNjaGVtYV92ZXJzaW9uIjoiMSJ9",
          "dependencies": [
            "yandex_vpc_network.network-1",
            "yandex_vpc_subnet.subnet-1"
          ]
        }
      ]
    },
    {
      "mode": "managed",
      "type": "yandex_vpc_network",
      "name": "network-1",
      "provider": "provider[\"registry.terraform.io/yandex-cloud/yandex\"]",
      "instances": [
        {
          "schema_version": 0,
          "attributes": {
            "created_at": "2023-11-17T06:28:04Z",
            "default_security_group_id": "enpngp9878618krdl8ku",
            "description": "",
            "folder_id": "b1g0g1p461nq3tta7aa0",
            "id": "enp9e93qd04n07fdjth0",
            "labels": {},
            "name": "tf-testnetwork",
            "subnet_ids": [],
            "timeouts": null
          },
          "sensitive_attributes": [],
          "private": "eyJlMmJmYjczMC1lY2FhLTExZTYtOGY4OC0zNDM2M2JjN2M0YzAiOnsiY3JlYXRlIjo2MDAwMDAwMDAwMCwiZGVsZXRlIjo2MDAwMDAwMDAwMCwidXBkYXRlIjo2MDAwMDAwMDAwMH19"
        }
      ]
    },
    {
      "mode": "managed",
      "type": "yandex_vpc_subnet",
      "name": "subnet-1",
      "provider": "provider[\"registry.terraform.io/yandex-cloud/yandex\"]",
      "instances": [
        {
          "schema_version": 0,
          "attributes": {
            "created_at": "2023-11-17T06:28:07Z",
            "description": "",
            "dhcp_options": [],
            "folder_id": "b1g0g1p461nq3tta7aa0",
            "id": "e2lr5t6ljnra6n647ups",
            "labels": {},
            "name": "tf-testsubnet",
            "network_id": "enp9e93qd04n07fdjth0",
            "route_table_id": "",
            "timeouts": null,
            "v4_cidr_blocks": [
              "192.168.10.0/24"
            ],
            "v6_cidr_blocks": [],
            "zone": "ru-central1-b"
          },
          "sensitive_attributes": [],
          "private": "eyJlMmJmYjczMC1lY2FhLTExZTYtOGY4OC0zNDM2M2JjN2M0YzAiOnsiY3JlYXRlIjoxODAwMDAwMDAwMDAsImRlbGV0ZSI6MTgwMDAwMDAwMDAwLCJ1cGRhdGUiOjE4MDAwMDAwMDAwMH19",
          "dependencies": [
            "yandex_vpc_network.network-1"
          ]
        }
      ]
    }
  ],
  "check_results": null
}
